{
  "name": "transfer",
  "version": "0.0.1",
  "lockfileVersion": 1,
  "requires": true,
  "dependencies": {
    "any-shell-escape": {
      "version": "0.1.1",
      "resolved": "https://registry.npmjs.org/any-shell-escape/-/any-shell-escape-0.1.1.tgz",
      "integrity": "sha1-1Vq5ciRMcaml4asIefML8RCAaVk="
    },
    "shellsync": {
      "version": "0.1.0",
      "resolved": "https://registry.npmjs.org/shellsync/-/shellsync-0.1.0.tgz",
      "integrity": "sha512-A+LVY7Ra0GULPC61F5z0NLSUj6qx6RVymYGyjdGNWLtBKBpDmybEu9NPuMNCuxuhK2DGQKBqe1vhPXZFjJkMgw==",
      "requires": {
        "any-shell-escape": "^0.1.1"
      }
    }
  }
}
